
Microsoft Visual Studio Solution File, Format Version 12.00
# Visual Studio Version 17
VisualStudioVersion = 17.13.35818.85 d17.13
MinimumVisualStudioVersion = 10.0.40219.1
Project("{FAE04EC0-301F-11D3-BF4B-00C04F79EFBC}") = "pre_lab", "pre_lab\pre_lab.csproj", "{A96051F8-4ABE-4A93-B0AD-1CF84EF1EBA2}"
EndProject
Global
	GlobalSection(SolutionConfigurationPlatforms) = preSolution
		Debug|Any CPU = Debug|Any CPU
		Release|Any CPU = Release|Any CPU
	EndGlobalSection
	GlobalSection(ProjectConfigurationPlatforms) = postSolution
		{A96051F8-4ABE-4A93-B0AD-1CF84EF1EBA2}.Debug|Any CPU.ActiveCfg = Debug|Any CPU
		{A96051F8-4ABE-4A93-B0AD-1CF84EF1EBA2}.Debug|Any CPU.Build.0 = Debug|Any CPU
		{A96051F8-4ABE-4A93-B0AD-1CF84EF1EBA2}.Release|Any CPU.ActiveCfg = Release|Any CPU
		{A96051F8-4ABE-4A93-B0AD-1CF84EF1EBA2}.Release|Any CPU.Build.0 = Release|Any CPU
	EndGlobalSection
	GlobalSection(SolutionProperties) = preSolution
		HideSolutionNode = FALSE
	EndGlobalSection
	GlobalSection(ExtensibilityGlobals) = postSolution
		SolutionGuid = {D711D2E3-AED5-4C87-ACCE-98040B2EA30B}
	EndGlobalSection
EndGlobal
